
Microsoft Visual Studio Solution File, Format Version 12.00
# Visual Studio Version 16
VisualStudioVersion = 16.0.30114.105
MinimumVisualStudioVersion = 10.0.40219.1
Project("{2150E333-8FDC-42A3-9474-1A3956D46DE8}") = "src", "src", "{FEFD9620-7B49-45CD-86FD-B23EEA69DD06}"
EndProject
Project("{FAE04EC0-301F-11D3-BF4B-00C04F79EFBC}") = "dotnetMultiVues.Web", "src\dotnetMultiVues.Web\dotnetMultiVues.Web.csproj", "{FF96BD1F-28A7-4F06-8D9E-9BCD04CC1C73}"
EndProject
Global
	GlobalSection(SolutionConfigurationPlatforms) = preSolution
		Debug|Any CPU = Debug|Any CPU
		Debug|x64 = Debug|x64
		Debug|x86 = Debug|x86
		Release|Any CPU = Release|Any CPU
		Release|x64 = Release|x64
		Release|x86 = Release|x86
	EndGlobalSection
	GlobalSection(SolutionProperties) = preSolution
		HideSolutionNode = FALSE
	EndGlobalSection
	GlobalSection(ProjectConfigurationPlatforms) = postSolution
		{FF96BD1F-28A7-4F06-8D9E-9BCD04CC1C73}.Debug|Any CPU.ActiveCfg = Debug|Any CPU
		{FF96BD1F-28A7-4F06-8D9E-9BCD04CC1C73}.Debug|Any CPU.Build.0 = Debug|Any CPU
		{FF96BD1F-28A7-4F06-8D9E-9BCD04CC1C73}.Debug|x64.ActiveCfg = Debug|Any CPU
		{FF96BD1F-28A7-4F06-8D9E-9BCD04CC1C73}.Debug|x64.Build.0 = Debug|Any CPU
		{FF96BD1F-28A7-4F06-8D9E-9BCD04CC1C73}.Debug|x86.ActiveCfg = Debug|Any CPU
		{FF96BD1F-28A7-4F06-8D9E-9BCD04CC1C73}.Debug|x86.Build.0 = Debug|Any CPU
		{FF96BD1F-28A7-4F06-8D9E-9BCD04CC1C73}.Release|Any CPU.ActiveCfg = Release|Any CPU
		{FF96BD1F-28A7-4F06-8D9E-9BCD04CC1C73}.Release|Any CPU.Build.0 = Release|Any CPU
		{FF96BD1F-28A7-4F06-8D9E-9BCD04CC1C73}.Release|x64.ActiveCfg = Release|Any CPU
		{FF96BD1F-28A7-4F06-8D9E-9BCD04CC1C73}.Release|x64.Build.0 = Release|Any CPU
		{FF96BD1F-28A7-4F06-8D9E-9BCD04CC1C73}.Release|x86.ActiveCfg = Release|Any CPU
		{FF96BD1F-28A7-4F06-8D9E-9BCD04CC1C73}.Release|x86.Build.0 = Release|Any CPU
	EndGlobalSection
	GlobalSection(NestedProjects) = preSolution
		{FF96BD1F-28A7-4F06-8D9E-9BCD04CC1C73} = {FEFD9620-7B49-45CD-86FD-B23EEA69DD06}
	EndGlobalSection
EndGlobal
